
Microsoft Visual Studio Solution File, Format Version 12.00
# Visual Studio 15
VisualStudioVersion = 15.0.27703.2042
MinimumVisualStudioVersion = 10.0.40219.1
Project("{FAE04EC0-301F-11D3-BF4B-00C04F79EFBC}") = "BuscarCEPapp.Android", "BuscarCEPapp\BuscarCEPapp.Android\BuscarCEPapp.Android.csproj", "{E01E9476-D5BC-4AA6-85E3-ED5A415055DB}"
EndProject
Project("{FAE04EC0-301F-11D3-BF4B-00C04F79EFBC}") = "BuscarCEPapp.iOS", "BuscarCEPapp\BuscarCEPapp.iOS\BuscarCEPapp.iOS.csproj", "{BC7F7605-A7BC-4BFD-A359-D8BBB5DAA215}"
EndProject
Project("{FAE04EC0-301F-11D3-BF4B-00C04F79EFBC}") = "BuscarCEPapp", "BuscarCEPapp\BuscarCEPapp\BuscarCEPapp.csproj", "{220B9BBE-345B-4ACB-9133-3A4ABF2A546C}"
EndProject
Global
	GlobalSection(SolutionConfigurationPlatforms) = preSolution
		Ad-Hoc|Any CPU = Ad-Hoc|Any CPU
		Ad-Hoc|iPhone = Ad-Hoc|iPhone
		Ad-Hoc|iPhoneSimulator = Ad-Hoc|iPhoneSimulator
		AppStore|Any CPU = AppStore|Any CPU
		AppStore|iPhone = AppStore|iPhone
		AppStore|iPhoneSimulator = AppStore|iPhoneSimulator
		Debug|Any CPU = Debug|Any CPU
		Debug|iPhone = Debug|iPhone
		Debug|iPhoneSimulator = Debug|iPhoneSimulator
		Release|Any CPU = Release|Any CPU
		Release|iPhone = Release|iPhone
		Release|iPhoneSimulator = Release|iPhoneSimulator
	EndGlobalSection
	GlobalSection(ProjectConfigurationPlatforms) = postSolution
		{E01E9476-D5BC-4AA6-85E3-ED5A415055DB}.Ad-Hoc|Any CPU.ActiveCfg = Release|Any CPU
		{E01E9476-D5BC-4AA6-85E3-ED5A415055DB}.Ad-Hoc|Any CPU.Build.0 = Release|Any CPU
		{E01E9476-D5BC-4AA6-85E3-ED5A415055DB}.Ad-Hoc|Any CPU.Deploy.0 = Release|Any CPU
		{E01E9476-D5BC-4AA6-85E3-ED5A415055DB}.Ad-Hoc|iPhone.ActiveCfg = Release|Any CPU
		{E01E9476-D5BC-4AA6-85E3-ED5A415055DB}.Ad-Hoc|iPhone.Build.0 = Release|Any CPU
		{E01E9476-D5BC-4AA6-85E3-ED5A415055DB}.Ad-Hoc|iPhone.Deploy.0 = Release|Any CPU
		{E01E9476-D5BC-4AA6-85E3-ED5A415055DB}.Ad-Hoc|iPhoneSimulator.ActiveCfg = Release|Any CPU
		{E01E9476-D5BC-4AA6-85E3-ED5A415055DB}.Ad-Hoc|iPhoneSimulator.Build.0 = Release|Any CPU
		{E01E9476-D5BC-4AA6-85E3-ED5A415055DB}.Ad-Hoc|iPhoneSimulator.Deploy.0 = Release|Any CPU
		{E01E9476-D5BC-4AA6-85E3-ED5A415055DB}.AppStore|Any CPU.ActiveCfg = Release|Any CPU
		{E01E9476-D5BC-4AA6-85E3-ED5A415055DB}.AppStore|Any CPU.Build.0 = Release|Any CPU
		{E01E9476-D5BC-4AA6-85E3-ED5A415055DB}.AppStore|Any CPU.Deploy.0 = Release|Any CPU
		{E01E9476-D5BC-4AA6-85E3-ED5A415055DB}.AppStore|iPhone.ActiveCfg = Release|Any CPU
		{E01E9476-D5BC-4AA6-85E3-ED5A415055DB}.AppStore|iPhone.Build.0 = Release|Any CPU
		{E01E9476-D5BC-4AA6-85E3-ED5A415055DB}.AppStore|iPhone.Deploy.0 = Release|Any CPU
		{E01E9476-D5BC-4AA6-85E3-ED5A415055DB}.AppStore|iPhoneSimulator.ActiveCfg = Release|Any CPU
		{E01E9476-D5BC-4AA6-85E3-ED5A415055DB}.AppStore|iPhoneSimulator.Build.0 = Release|Any CPU
		{E01E9476-D5BC-4AA6-85E3-ED5A415055DB}.AppStore|iPhoneSimulator.Deploy.0 = Release|Any CPU
		{E01E9476-D5BC-4AA6-85E3-ED5A415055DB}.Debug|Any CPU.ActiveCfg = Debug|Any CPU
		{E01E9476-D5BC-4AA6-85E3-ED5A415055DB}.Debug|Any CPU.Build.0 = Debug|Any CPU
		{E01E9476-D5BC-4AA6-85E3-ED5A415055DB}.Debug|Any CPU.Deploy.0 = Debug|Any CPU
		{E01E9476-D5BC-4AA6-85E3-ED5A415055DB}.Debug|iPhone.ActiveCfg = Debug|Any CPU
		{E01E9476-D5BC-4AA6-85E3-ED5A415055DB}.Debug|iPhone.Build.0 = Debug|Any CPU
		{E01E9476-D5BC-4AA6-85E3-ED5A415055DB}.Debug|iPhone.Deploy.0 = Debug|Any CPU
		{E01E9476-D5BC-4AA6-85E3-ED5A415055DB}.Debug|iPhoneSimulator.ActiveCfg = Debug|Any CPU
		{E01E9476-D5BC-4AA6-85E3-ED5A415055DB}.Debug|iPhoneSimulator.Build.0 = Debug|Any CPU
		{E01E9476-D5BC-4AA6-85E3-ED5A415055DB}.Debug|iPhoneSimulator.Deploy.0 = Debug|Any CPU
		{E01E9476-D5BC-4AA6-85E3-ED5A415055DB}.Release|Any CPU.ActiveCfg = Release|Any CPU
		{E01E9476-D5BC-4AA6-85E3-ED5A415055DB}.Release|Any CPU.Build.0 = Release|Any CPU
		{E01E9476-D5BC-4AA6-85E3-ED5A415055DB}.Release|Any CPU.Deploy.0 = Release|Any CPU
		{E01E9476-D5BC-4AA6-85E3-ED5A415055DB}.Release|iPhone.ActiveCfg = Release|Any CPU
		{E01E9476-D5BC-4AA6-85E3-ED5A415055DB}.Release|iPhone.Build.0 = Release|Any CPU
		{E01E9476-D5BC-4AA6-85E3-ED5A415055DB}.Release|iPhone.Deploy.0 = Release|Any CPU
		{E01E9476-D5BC-4AA6-85E3-ED5A415055DB}.Release|iPhoneSimulator.ActiveCfg = Release|Any CPU
		{E01E9476-D5BC-4AA6-85E3-ED5A415055DB}.Release|iPhoneSimulator.Build.0 = Release|Any CPU
		{E01E9476-D5BC-4AA6-85E3-ED5A415055DB}.Release|iPhoneSimulator.Deploy.0 = Release|Any CPU
		{BC7F7605-A7BC-4BFD-A359-D8BBB5DAA215}.Ad-Hoc|Any CPU.ActiveCfg = Ad-Hoc|iPhone
		{BC7F7605-A7BC-4BFD-A359-D8BBB5DAA215}.Ad-Hoc|Any CPU.Build.0 = Ad-Hoc|iPhone
		{BC7F7605-A7BC-4BFD-A359-D8BBB5DAA215}.Ad-Hoc|Any CPU.Deploy.0 = Ad-Hoc|iPhone
		{BC7F7605-A7BC-4BFD-A359-D8BBB5DAA215}.Ad-Hoc|iPhone.ActiveCfg = Ad-Hoc|iPhone
		{BC7F7605-A7BC-4BFD-A359-D8BBB5DAA215}.Ad-Hoc|iPhone.Build.0 = Ad-Hoc|iPhone
		{BC7F7605-A7BC-4BFD-A359-D8BBB5DAA215}.Ad-Hoc|iPhone.Deploy.0 = Ad-Hoc|iPhone
		{BC7F7605-A7BC-4BFD-A359-D8BBB5DAA215}.Ad-Hoc|iPhoneSimulator.ActiveCfg = Ad-Hoc|iPhoneSimulator
		{BC7F7605-A7BC-4BFD-A359-D8BBB5DAA215}.Ad-Hoc|iPhoneSimulator.Build.0 = Ad-Hoc|iPhoneSimulator
		{BC7F7605-A7BC-4BFD-A359-D8BBB5DAA215}.Ad-Hoc|iPhoneSimulator.Deploy.0 = Ad-Hoc|iPhoneSimulator
		{BC7F7605-A7BC-4BFD-A359-D8BBB5DAA215}.AppStore|Any CPU.ActiveCfg = AppStore|iPhone
		{BC7F7605-A7BC-4BFD-A359-D8BBB5DAA215}.AppStore|Any CPU.Build.0 = AppStore|iPhone
		{BC7F7605-A7BC-4BFD-A359-D8BBB5DAA215}.AppStore|Any CPU.Deploy.0 = AppStore|iPhone
		{BC7F7605-A7BC-4BFD-A359-D8BBB5DAA215}.AppStore|iPhone.ActiveCfg = AppStore|iPhone
		{BC7F7605-A7BC-4BFD-A359-D8BBB5DAA215}.AppStore|iPhone.Build.0 = AppStore|iPhone
		{BC7F7605-A7BC-4BFD-A359-D8BBB5DAA215}.AppStore|iPhone.Deploy.0 = AppStore|iPhone
		{BC7F7605-A7BC-4BFD-A359-D8BBB5DAA215}.AppStore|iPhoneSimulator.ActiveCfg = AppStore|iPhoneSimulator
		{BC7F7605-A7BC-4BFD-A359-D8BBB5DAA215}.AppStore|iPhoneSimulator.Build.0 = AppStore|iPhoneSimulator
		{BC7F7605-A7BC-4BFD-A359-D8BBB5DAA215}.AppStore|iPhoneSimulator.Deploy.0 = AppStore|iPhoneSimulator
		{BC7F7605-A7BC-4BFD-A359-D8BBB5DAA215}.Debug|Any CPU.ActiveCfg = Debug|iPhoneSimulator
		{BC7F7605-A7BC-4BFD-A359-D8BBB5DAA215}.Debug|Any CPU.Build.0 = Debug|iPhoneSimulator
		{BC7F7605-A7BC-4BFD-A359-D8BBB5DAA215}.Debug|Any CPU.Deploy.0 = Debug|iPhoneSimulator
		{BC7F7605-A7BC-4BFD-A359-D8BBB5DAA215}.Debug|iPhone.ActiveCfg = Debug|iPhone
		{BC7F7605-A7BC-4BFD-A359-D8BBB5DAA215}.Debug|iPhone.Build.0 = Debug|iPhone
		{BC7F7605-A7BC-4BFD-A359-D8BBB5DAA215}.Debug|iPhone.Deploy.0 = Debug|iPhone
		{BC7F7605-A7BC-4BFD-A359-D8BBB5DAA215}.Debug|iPhoneSimulator.ActiveCfg = Debug|iPhoneSimulator
		{BC7F7605-A7BC-4BFD-A359-D8BBB5DAA215}.Debug|iPhoneSimulator.Build.0 = Debug|iPhoneSimulator
		{BC7F7605-A7BC-4BFD-A359-D8BBB5DAA215}.Debug|iPhoneSimulator.Deploy.0 = Debug|iPhoneSimulator
		{BC7F7605-A7BC-4BFD-A359-D8BBB5DAA215}.Release|Any CPU.ActiveCfg = Release|iPhone
		{BC7F7605-A7BC-4BFD-A359-D8BBB5DAA215}.Release|Any CPU.Build.0 = Release|iPhone
		{BC7F7605-A7BC-4BFD-A359-D8BBB5DAA215}.Release|Any CPU.Deploy.0 = Release|iPhone
		{BC7F7605-A7BC-4BFD-A359-D8BBB5DAA215}.Release|iPhone.ActiveCfg = Release|iPhone
		{BC7F7605-A7BC-4BFD-A359-D8BBB5DAA215}.Release|iPhone.Build.0 = Release|iPhone
		{BC7F7605-A7BC-4BFD-A359-D8BBB5DAA215}.Release|iPhone.Deploy.0 = Release|iPhone
		{BC7F7605-A7BC-4BFD-A359-D8BBB5DAA215}.Release|iPhoneSimulator.ActiveCfg = Release|iPhoneSimulator
		{BC7F7605-A7BC-4BFD-A359-D8BBB5DAA215}.Release|iPhoneSimulator.Build.0 = Release|iPhoneSimulator
		{BC7F7605-A7BC-4BFD-A359-D8BBB5DAA215}.Release|iPhoneSimulator.Deploy.0 = Release|iPhoneSimulator
		{220B9BBE-345B-4ACB-9133-3A4ABF2A546C}.Ad-Hoc|Any CPU.ActiveCfg = Debug|Any CPU
		{220B9BBE-345B-4ACB-9133-3A4ABF2A546C}.Ad-Hoc|Any CPU.Build.0 = Debug|Any CPU
		{220B9BBE-345B-4ACB-9133-3A4ABF2A546C}.Ad-Hoc|Any CPU.Deploy.0 = Debug|Any CPU
		{220B9BBE-345B-4ACB-9133-3A4ABF2A546C}.Ad-Hoc|iPhone.ActiveCfg = Debug|Any CPU
		{220B9BBE-345B-4ACB-9133-3A4ABF2A546C}.Ad-Hoc|iPhone.Build.0 = Debug|Any CPU
		{220B9BBE-345B-4ACB-9133-3A4ABF2A546C}.Ad-Hoc|iPhone.Deploy.0 = Debug|Any CPU
		{220B9BBE-345B-4ACB-9133-3A4ABF2A546C}.Ad-Hoc|iPhoneSimulator.ActiveCfg = Debug|Any CPU
		{220B9BBE-345B-4ACB-9133-3A4ABF2A546C}.Ad-Hoc|iPhoneSimulator.Build.0 = Debug|Any CPU
		{220B9BBE-345B-4ACB-9133-3A4ABF2A546C}.Ad-Hoc|iPhoneSimulator.Deploy.0 = Debug|Any CPU
		{220B9BBE-345B-4ACB-9133-3A4ABF2A546C}.AppStore|Any CPU.ActiveCfg = Debug|Any CPU
		{220B9BBE-345B-4ACB-9133-3A4ABF2A546C}.AppStore|Any CPU.Build.0 = Debug|Any CPU
		{220B9BBE-345B-4ACB-9133-3A4ABF2A546C}.AppStore|Any CPU.Deploy.0 = Debug|Any CPU
		{220B9BBE-345B-4ACB-9133-3A4ABF2A546C}.AppStore|iPhone.ActiveCfg = Debug|Any CPU
		{220B9BBE-345B-4ACB-9133-3A4ABF2A546C}.AppStore|iPhone.Build.0 = Debug|Any CPU
		{220B9BBE-345B-4ACB-9133-3A4ABF2A546C}.AppStore|iPhone.Deploy.0 = Debug|Any CPU
		{220B9BBE-345B-4ACB-9133-3A4ABF2A546C}.AppStore|iPhoneSimulator.ActiveCfg = Debug|Any CPU
		{220B9BBE-345B-4ACB-9133-3A4ABF2A546C}.AppStore|iPhoneSimulator.Build.0 = Debug|Any CPU
		{220B9BBE-345B-4ACB-9133-3A4ABF2A546C}.AppStore|iPhoneSimulator.Deploy.0 = Debug|Any CPU
		{220B9BBE-345B-4ACB-9133-3A4ABF2A546C}.Debug|Any CPU.ActiveCfg = Debug|Any CPU
		{220B9BBE-345B-4ACB-9133-3A4ABF2A546C}.Debug|Any CPU.Build.0 = Debug|Any CPU
		{220B9BBE-345B-4ACB-9133-3A4ABF2A546C}.Debug|Any CPU.Deploy.0 = Debug|Any CPU
		{220B9BBE-345B-4ACB-9133-3A4ABF2A546C}.Debug|iPhone.ActiveCfg = Debug|Any CPU
		{220B9BBE-345B-4ACB-9133-3A4ABF2A546C}.Debug|iPhone.Build.0 = Debug|Any CPU
		{220B9BBE-345B-4ACB-9133-3A4ABF2A546C}.Debug|iPhone.Deploy.0 = Debug|Any CPU
		{220B9BBE-345B-4ACB-9133-3A4ABF2A546C}.Debug|iPhoneSimulator.ActiveCfg = Debug|Any CPU
		{220B9BBE-345B-4ACB-9133-3A4ABF2A546C}.Debug|iPhoneSimulator.Build.0 = Debug|Any CPU
		{220B9BBE-345B-4ACB-9133-3A4ABF2A546C}.Debug|iPhoneSimulator.Deploy.0 = Debug|Any CPU
		{220B9BBE-345B-4ACB-9133-3A4ABF2A546C}.Release|Any CPU.ActiveCfg = Release|Any CPU
		{220B9BBE-345B-4ACB-9133-3A4ABF2A546C}.Release|Any CPU.Build.0 = Release|Any CPU
		{220B9BBE-345B-4ACB-9133-3A4ABF2A546C}.Release|Any CPU.Deploy.0 = Release|Any CPU
		{220B9BBE-345B-4ACB-9133-3A4ABF2A546C}.Release|iPhone.ActiveCfg = Release|Any CPU
		{220B9BBE-345B-4ACB-9133-3A4ABF2A546C}.Release|iPhone.Build.0 = Release|Any CPU
		{220B9BBE-345B-4ACB-9133-3A4ABF2A546C}.Release|iPhone.Deploy.0 = Release|Any CPU
		{220B9BBE-345B-4ACB-9133-3A4ABF2A546C}.Release|iPhoneSimulator.ActiveCfg = Release|Any CPU
		{220B9BBE-345B-4ACB-9133-3A4ABF2A546C}.Release|iPhoneSimulator.Build.0 = Release|Any CPU
		{220B9BBE-345B-4ACB-9133-3A4ABF2A546C}.Release|iPhoneSimulator.Deploy.0 = Release|Any CPU
	EndGlobalSection
	GlobalSection(SolutionProperties) = preSolution
		HideSolutionNode = FALSE
	EndGlobalSection
	GlobalSection(ExtensibilityGlobals) = postSolution
		SolutionGuid = {208267BB-5CAB-44DF-9679-E743165C31A6}
	EndGlobalSection
EndGlobal
